
Microsoft Visual Studio Solution File, Format Version 12.00
# Visual Studio Version 17
VisualStudioVersion = 17.14.36908.2 d17.14
MinimumVisualStudioVersion = 10.0.40219.1
Project("{8BC9CEB8-8B4A-11D0-8D11-00A0C91BC942}") = "Project2", "Project2\Project2.vcxproj", "{E0D9D2A6-5676-4704-A70D-00F4D9A355C0}"
EndProject
Global
	GlobalSection(SolutionConfigurationPlatforms) = preSolution
		Debug|x64 = Debug|x64
		Debug|x86 = Debug|x86
		Release|x64 = Release|x64
		Release|x86 = Release|x86
	EndGlobalSection
	GlobalSection(ProjectConfigurationPlatforms) = postSolution
		{E0D9D2A6-5676-4704-A70D-00F4D9A355C0}.Debug|x64.ActiveCfg = Debug|x64
		{E0D9D2A6-5676-4704-A70D-00F4D9A355C0}.Debug|x64.Build.0 = Debug|x64
		{E0D9D2A6-5676-4704-A70D-00F4D9A355C0}.Debug|x86.ActiveCfg = Debug|Win32
		{E0D9D2A6-5676-4704-A70D-00F4D9A355C0}.Debug|x86.Build.0 = Debug|Win32
		{E0D9D2A6-5676-4704-A70D-00F4D9A355C0}.Release|x64.ActiveCfg = Release|x64
		{E0D9D2A6-5676-4704-A70D-00F4D9A355C0}.Release|x64.Build.0 = Release|x64
		{E0D9D2A6-5676-4704-A70D-00F4D9A355C0}.Release|x86.ActiveCfg = Release|Win32
		{E0D9D2A6-5676-4704-A70D-00F4D9A355C0}.Release|x86.Build.0 = Release|Win32
	EndGlobalSection
	GlobalSection(SolutionProperties) = preSolution
		HideSolutionNode = FALSE
	EndGlobalSection
	GlobalSection(ExtensibilityGlobals) = postSolution
		SolutionGuid = {F251355F-497D-407D-AE8B-2A3C4B5CDF55}
	EndGlobalSection
EndGlobal
